
Microsoft Visual Studio Solution File, Format Version 12.00
# Visual Studio Version 16
VisualStudioVersion = 16.0.31729.503
MinimumVisualStudioVersion = 10.0.40219.1
Project("{9A19103F-16F7-4668-BE54-9A1E7A4F7556}") = "Faker", "Faker\Faker.csproj", "{F4B22B8D-568B-406D-B094-FBD36C4A7624}"
EndProject
Project("{9A19103F-16F7-4668-BE54-9A1E7A4F7556}") = "TestProject1", "TestProject1\TestProject1.csproj", "{9EE6427C-18C3-489D-B0BC-2B8B39FE0EC6}"
EndProject
Project("{9A19103F-16F7-4668-BE54-9A1E7A4F7556}") = "TestProject2", "TestProject2\TestProject2.csproj", "{E722E2BA-F94F-42A8-9C7B-18663E404A58}"
EndProject
Project("{FAE04EC0-301F-11D3-BF4B-00C04F79EFBC}") = "SByteGeneratorPlugin", "SByteGeneratorPlugin\SByteGeneratorPlugin.csproj", "{1A6684CE-FE59-4F69-B85C-A85A96489700}"
EndProject
Project("{FAE04EC0-301F-11D3-BF4B-00C04F79EFBC}") = "UshortGeneratorPlugin", "UshortGeneratorPlugin\UshortGeneratorPlugin.csproj", "{646301A9-E868-4028-81AB-39AAB1AC201D}"
EndProject
Global
	GlobalSection(SolutionConfigurationPlatforms) = preSolution
		Debug|Any CPU = Debug|Any CPU
		Release|Any CPU = Release|Any CPU
	EndGlobalSection
	GlobalSection(ProjectConfigurationPlatforms) = postSolution
		{F4B22B8D-568B-406D-B094-FBD36C4A7624}.Debug|Any CPU.ActiveCfg = Debug|Any CPU
		{F4B22B8D-568B-406D-B094-FBD36C4A7624}.Debug|Any CPU.Build.0 = Debug|Any CPU
		{F4B22B8D-568B-406D-B094-FBD36C4A7624}.Release|Any CPU.ActiveCfg = Release|Any CPU
		{F4B22B8D-568B-406D-B094-FBD36C4A7624}.Release|Any CPU.Build.0 = Release|Any CPU
		{9EE6427C-18C3-489D-B0BC-2B8B39FE0EC6}.Debug|Any CPU.ActiveCfg = Debug|Any CPU
		{9EE6427C-18C3-489D-B0BC-2B8B39FE0EC6}.Debug|Any CPU.Build.0 = Debug|Any CPU
		{9EE6427C-18C3-489D-B0BC-2B8B39FE0EC6}.Release|Any CPU.ActiveCfg = Release|Any CPU
		{9EE6427C-18C3-489D-B0BC-2B8B39FE0EC6}.Release|Any CPU.Build.0 = Release|Any CPU
		{E722E2BA-F94F-42A8-9C7B-18663E404A58}.Debug|Any CPU.ActiveCfg = Debug|Any CPU
		{E722E2BA-F94F-42A8-9C7B-18663E404A58}.Debug|Any CPU.Build.0 = Debug|Any CPU
		{E722E2BA-F94F-42A8-9C7B-18663E404A58}.Release|Any CPU.ActiveCfg = Release|Any CPU
		{E722E2BA-F94F-42A8-9C7B-18663E404A58}.Release|Any CPU.Build.0 = Release|Any CPU
		{1A6684CE-FE59-4F69-B85C-A85A96489700}.Debug|Any CPU.ActiveCfg = Debug|Any CPU
		{1A6684CE-FE59-4F69-B85C-A85A96489700}.Debug|Any CPU.Build.0 = Debug|Any CPU
		{1A6684CE-FE59-4F69-B85C-A85A96489700}.Release|Any CPU.ActiveCfg = Release|Any CPU
		{1A6684CE-FE59-4F69-B85C-A85A96489700}.Release|Any CPU.Build.0 = Release|Any CPU
		{646301A9-E868-4028-81AB-39AAB1AC201D}.Debug|Any CPU.ActiveCfg = Debug|Any CPU
		{646301A9-E868-4028-81AB-39AAB1AC201D}.Debug|Any CPU.Build.0 = Debug|Any CPU
		{646301A9-E868-4028-81AB-39AAB1AC201D}.Release|Any CPU.ActiveCfg = Release|Any CPU
		{646301A9-E868-4028-81AB-39AAB1AC201D}.Release|Any CPU.Build.0 = Release|Any CPU
	EndGlobalSection
	GlobalSection(SolutionProperties) = preSolution
		HideSolutionNode = FALSE
	EndGlobalSection
	GlobalSection(ExtensibilityGlobals) = postSolution
		SolutionGuid = {AEE71119-696E-4393-937E-4D508ECFCD1B}
	EndGlobalSection
EndGlobal
